
Microsoft Visual Studio Solution File, Format Version 12.00
# Visual Studio Version 17
VisualStudioVersion = 17.8.34408.163
MinimumVisualStudioVersion = 10.0.40219.1
Project("{2150E333-8FDC-42A3-9474-1A3956D46DE8}") = "Bootstrapper", "Bootstrapper", "{06DBDF1E-18B2-4E54-99D4-C2401B694F46}"
EndProject
Project("{2150E333-8FDC-42A3-9474-1A3956D46DE8}") = "Modules", "Modules", "{06652150-C802-4CDD-936F-40AB66052B83}"
EndProject
Project("{2150E333-8FDC-42A3-9474-1A3956D46DE8}") = "Shared", "Shared", "{DE4D1AB5-4808-49DE-9216-CF7E19F2BF7A}"
EndProject
Project("{9A19103F-16F7-4668-BE54-9A1E7A4F7556}") = "DBooking.Bootstrapper", "Bootstrapper\DoctorAppointment.Bootstrapper\DBooking.Bootstrapper.csproj", "{272F4652-EA43-4567-AE47-A65530E5F23F}"
EndProject
Project("{9A19103F-16F7-4668-BE54-9A1E7A4F7556}") = "DBooking.Modules.AppointmentBooking.Api", "Modules\AppointmentBooking\DoctorBooking.Modules.AppointmentBooking\DBooking.Modules.AppointmentBooking.Api.csproj", "{00DADD3E-835D-48CC-893C-FE85F8B9644C}"
EndProject
Project("{2150E333-8FDC-42A3-9474-1A3956D46DE8}") = "AppointmentBooking", "AppointmentBooking", "{088DCCA1-B3BA-44D9-AC2C-FEB6CA0EC17E}"
EndProject
Project("{9A19103F-16F7-4668-BE54-9A1E7A4F7556}") = "DBooking.Shared", "Shared\DBooking.Shared\DBooking.Shared.csproj", "{C0E0E785-6EC7-4DDD-A38E-7A6570DA2C96}"
EndProject
Project("{9A19103F-16F7-4668-BE54-9A1E7A4F7556}") = "DBooking.Modules.AppointmentBooking.Application", "Modules\AppointmentBooking\DBooking.Modules.AppointmentBooking.Application\DBooking.Modules.AppointmentBooking.Application.csproj", "{FBE985D4-FB4F-4397-9907-E38017C4DB4A}"
EndProject
Project("{9A19103F-16F7-4668-BE54-9A1E7A4F7556}") = "DBooking.Modules.AppointmentBooking.Shared", "Modules\AppointmentBooking\DBooking.Modules.AppointmentBooking.Shared\DBooking.Modules.AppointmentBooking.Shared.csproj", "{9AF3D7A2-5F14-4AD2-AF2D-4AB0ACEB75A3}"
EndProject
Project("{9A19103F-16F7-4668-BE54-9A1E7A4F7556}") = "DBooking.Modules.AppointmentBooking.Core", "Modules\AppointmentBooking\DBooking.Modules.AppointmentBooking.Core\DBooking.Modules.AppointmentBooking.Core.csproj", "{AACFDB1C-F880-450F-B353-0D5806412582}"
EndProject
Project("{9A19103F-16F7-4668-BE54-9A1E7A4F7556}") = "DBooking.Modules.AppointmentBooking.Infrastructure", "Modules\AppointmentBooking\DBooking.Modules.AppointmentBooking.Infrastructure\DBooking.Modules.AppointmentBooking.Infrastructure.csproj", "{6CDE627D-48E6-49B5-BFBD-774EA41B8C4F}"
EndProject
Project("{2150E333-8FDC-42A3-9474-1A3956D46DE8}") = "DoctorAvailability", "DoctorAvailability", "{F7ACAF49-38E0-4A9A-B70F-E126FCAFAF4F}"
EndProject
Project("{9A19103F-16F7-4668-BE54-9A1E7A4F7556}") = "DBooking.Modules.DoctorAvailability.Api", "Modules\DoctorAvailability\DBooking.Modules.DoctorAvailability.Api\DBooking.Modules.DoctorAvailability.Api.csproj", "{8C283C4F-F12C-4929-81B7-130DBC0CCD2B}"
EndProject
Project("{9A19103F-16F7-4668-BE54-9A1E7A4F7556}") = "DBooking.Modules.DoctorAvailability.Application", "Modules\DoctorAvailability\DBooking.Modules.DoctorAvailability.Application\DBooking.Modules.DoctorAvailability.Application.csproj", "{354B27F7-669D-4285-B374-1C5BB09C2200}"
EndProject
Project("{9A19103F-16F7-4668-BE54-9A1E7A4F7556}") = "DBooking.Modules.DoctorAvailability.Infrastructure", "Modules\DoctorAvailability\DBooking.Modules.DoctorAvailability.Infrastructure\DBooking.Modules.DoctorAvailability.Infrastructure.csproj", "{3E461E90-968B-47E4-B850-9B9C3C981007}"
EndProject
Project("{9A19103F-16F7-4668-BE54-9A1E7A4F7556}") = "DBooking.Modules.DoctorAvailability.Shared", "Modules\DoctorAvailability\DBooking.Modules.DoctorAvailability.Shared\DBooking.Modules.DoctorAvailability.Shared.csproj", "{BF1A32C4-5F9A-469E-85E4-BC0E41C53C6B}"
EndProject
Project("{2150E333-8FDC-42A3-9474-1A3956D46DE8}") = "AppointmentConfirmation", "AppointmentConfirmation", "{A682453C-7964-4CC3-9425-7F10A9411CA8}"
EndProject
Project("{FAE04EC0-301F-11D3-BF4B-00C04F79EFBC}") = "DBooking.Modules.AppointmentConfirmation.Services", "Modules\AppointmentConfirmation\Modules.AppointmentConfirmation.Domain\DBooking.Modules.AppointmentConfirmation.Services.csproj", "{BC8ECF0A-0AF3-4087-96F2-86DF270475DF}"
EndProject
Project("{FAE04EC0-301F-11D3-BF4B-00C04F79EFBC}") = "DBooking.Modules.AppointmentConfirmation.Api", "Modules\AppointmentConfirmation\DBooking.Modules.AppointmentConfirmation.Api\DBooking.Modules.AppointmentConfirmation.Api.csproj", "{6601F878-361E-4C11-80EC-43058E686950}"
EndProject
Project("{FAE04EC0-301F-11D3-BF4B-00C04F79EFBC}") = "DBooking.Modules.AppointmentConfirmation.DataAccess", "Modules\AppointmentConfirmation\DBooking.Modules.AppointmentConfirmation.DataAccess\DBooking.Modules.AppointmentConfirmation.DataAccess.csproj", "{0AB64F07-F0BA-4889-B749-E420908BD19F}"
EndProject
Global
	GlobalSection(SolutionConfigurationPlatforms) = preSolution
		Debug|Any CPU = Debug|Any CPU
		Release|Any CPU = Release|Any CPU
	EndGlobalSection
	GlobalSection(ProjectConfigurationPlatforms) = postSolution
		{272F4652-EA43-4567-AE47-A65530E5F23F}.Debug|Any CPU.ActiveCfg = Debug|Any CPU
		{272F4652-EA43-4567-AE47-A65530E5F23F}.Debug|Any CPU.Build.0 = Debug|Any CPU
		{272F4652-EA43-4567-AE47-A65530E5F23F}.Release|Any CPU.ActiveCfg = Release|Any CPU
		{272F4652-EA43-4567-AE47-A65530E5F23F}.Release|Any CPU.Build.0 = Release|Any CPU
		{00DADD3E-835D-48CC-893C-FE85F8B9644C}.Debug|Any CPU.ActiveCfg = Debug|Any CPU
		{00DADD3E-835D-48CC-893C-FE85F8B9644C}.Debug|Any CPU.Build.0 = Debug|Any CPU
		{00DADD3E-835D-48CC-893C-FE85F8B9644C}.Release|Any CPU.ActiveCfg = Release|Any CPU
		{00DADD3E-835D-48CC-893C-FE85F8B9644C}.Release|Any CPU.Build.0 = Release|Any CPU
		{C0E0E785-6EC7-4DDD-A38E-7A6570DA2C96}.Debug|Any CPU.ActiveCfg = Debug|Any CPU
		{C0E0E785-6EC7-4DDD-A38E-7A6570DA2C96}.Debug|Any CPU.Build.0 = Debug|Any CPU
		{C0E0E785-6EC7-4DDD-A38E-7A6570DA2C96}.Release|Any CPU.ActiveCfg = Release|Any CPU
		{C0E0E785-6EC7-4DDD-A38E-7A6570DA2C96}.Release|Any CPU.Build.0 = Release|Any CPU
		{FBE985D4-FB4F-4397-9907-E38017C4DB4A}.Debug|Any CPU.ActiveCfg = Debug|Any CPU
		{FBE985D4-FB4F-4397-9907-E38017C4DB4A}.Debug|Any CPU.Build.0 = Debug|Any CPU
		{FBE985D4-FB4F-4397-9907-E38017C4DB4A}.Release|Any CPU.ActiveCfg = Release|Any CPU
		{FBE985D4-FB4F-4397-9907-E38017C4DB4A}.Release|Any CPU.Build.0 = Release|Any CPU
		{9AF3D7A2-5F14-4AD2-AF2D-4AB0ACEB75A3}.Debug|Any CPU.ActiveCfg = Debug|Any CPU
		{9AF3D7A2-5F14-4AD2-AF2D-4AB0ACEB75A3}.Debug|Any CPU.Build.0 = Debug|Any CPU
		{9AF3D7A2-5F14-4AD2-AF2D-4AB0ACEB75A3}.Release|Any CPU.ActiveCfg = Release|Any CPU
		{9AF3D7A2-5F14-4AD2-AF2D-4AB0ACEB75A3}.Release|Any CPU.Build.0 = Release|Any CPU
		{AACFDB1C-F880-450F-B353-0D5806412582}.Debug|Any CPU.ActiveCfg = Debug|Any CPU
		{AACFDB1C-F880-450F-B353-0D5806412582}.Debug|Any CPU.Build.0 = Debug|Any CPU
		{AACFDB1C-F880-450F-B353-0D5806412582}.Release|Any CPU.ActiveCfg = Release|Any CPU
		{AACFDB1C-F880-450F-B353-0D5806412582}.Release|Any CPU.Build.0 = Release|Any CPU
		{6CDE627D-48E6-49B5-BFBD-774EA41B8C4F}.Debug|Any CPU.ActiveCfg = Debug|Any CPU
		{6CDE627D-48E6-49B5-BFBD-774EA41B8C4F}.Debug|Any CPU.Build.0 = Debug|Any CPU
		{6CDE627D-48E6-49B5-BFBD-774EA41B8C4F}.Release|Any CPU.ActiveCfg = Release|Any CPU
		{6CDE627D-48E6-49B5-BFBD-774EA41B8C4F}.Release|Any CPU.Build.0 = Release|Any CPU
		{8C283C4F-F12C-4929-81B7-130DBC0CCD2B}.Debug|Any CPU.ActiveCfg = Debug|Any CPU
		{8C283C4F-F12C-4929-81B7-130DBC0CCD2B}.Debug|Any CPU.Build.0 = Debug|Any CPU
		{8C283C4F-F12C-4929-81B7-130DBC0CCD2B}.Release|Any CPU.ActiveCfg = Release|Any CPU
		{8C283C4F-F12C-4929-81B7-130DBC0CCD2B}.Release|Any CPU.Build.0 = Release|Any CPU
		{354B27F7-669D-4285-B374-1C5BB09C2200}.Debug|Any CPU.ActiveCfg = Debug|Any CPU
		{354B27F7-669D-4285-B374-1C5BB09C2200}.Debug|Any CPU.Build.0 = Debug|Any CPU
		{354B27F7-669D-4285-B374-1C5BB09C2200}.Release|Any CPU.ActiveCfg = Release|Any CPU
		{354B27F7-669D-4285-B374-1C5BB09C2200}.Release|Any CPU.Build.0 = Release|Any CPU
		{3E461E90-968B-47E4-B850-9B9C3C981007}.Debug|Any CPU.ActiveCfg = Debug|Any CPU
		{3E461E90-968B-47E4-B850-9B9C3C981007}.Debug|Any CPU.Build.0 = Debug|Any CPU
		{3E461E90-968B-47E4-B850-9B9C3C981007}.Release|Any CPU.ActiveCfg = Release|Any CPU
		{3E461E90-968B-47E4-B850-9B9C3C981007}.Release|Any CPU.Build.0 = Release|Any CPU
		{BF1A32C4-5F9A-469E-85E4-BC0E41C53C6B}.Debug|Any CPU.ActiveCfg = Debug|Any CPU
		{BF1A32C4-5F9A-469E-85E4-BC0E41C53C6B}.Debug|Any CPU.Build.0 = Debug|Any CPU
		{BF1A32C4-5F9A-469E-85E4-BC0E41C53C6B}.Release|Any CPU.ActiveCfg = Release|Any CPU
		{BF1A32C4-5F9A-469E-85E4-BC0E41C53C6B}.Release|Any CPU.Build.0 = Release|Any CPU
		{BC8ECF0A-0AF3-4087-96F2-86DF270475DF}.Debug|Any CPU.ActiveCfg = Debug|Any CPU
		{BC8ECF0A-0AF3-4087-96F2-86DF270475DF}.Debug|Any CPU.Build.0 = Debug|Any CPU
		{BC8ECF0A-0AF3-4087-96F2-86DF270475DF}.Release|Any CPU.ActiveCfg = Release|Any CPU
		{BC8ECF0A-0AF3-4087-96F2-86DF270475DF}.Release|Any CPU.Build.0 = Release|Any CPU
		{6601F878-361E-4C11-80EC-43058E686950}.Debug|Any CPU.ActiveCfg = Debug|Any CPU
		{6601F878-361E-4C11-80EC-43058E686950}.Debug|Any CPU.Build.0 = Debug|Any CPU
		{6601F878-361E-4C11-80EC-43058E686950}.Release|Any CPU.ActiveCfg = Release|Any CPU
		{6601F878-361E-4C11-80EC-43058E686950}.Release|Any CPU.Build.0 = Release|Any CPU
		{0AB64F07-F0BA-4889-B749-E420908BD19F}.Debug|Any CPU.ActiveCfg = Debug|Any CPU
		{0AB64F07-F0BA-4889-B749-E420908BD19F}.Debug|Any CPU.Build.0 = Debug|Any CPU
		{0AB64F07-F0BA-4889-B749-E420908BD19F}.Release|Any CPU.ActiveCfg = Release|Any CPU
		{0AB64F07-F0BA-4889-B749-E420908BD19F}.Release|Any CPU.Build.0 = Release|Any CPU
	EndGlobalSection
	GlobalSection(SolutionProperties) = preSolution
		HideSolutionNode = FALSE
	EndGlobalSection
	GlobalSection(NestedProjects) = preSolution
		{272F4652-EA43-4567-AE47-A65530E5F23F} = {06DBDF1E-18B2-4E54-99D4-C2401B694F46}
		{00DADD3E-835D-48CC-893C-FE85F8B9644C} = {088DCCA1-B3BA-44D9-AC2C-FEB6CA0EC17E}
		{088DCCA1-B3BA-44D9-AC2C-FEB6CA0EC17E} = {06652150-C802-4CDD-936F-40AB66052B83}
		{C0E0E785-6EC7-4DDD-A38E-7A6570DA2C96} = {DE4D1AB5-4808-49DE-9216-CF7E19F2BF7A}
		{FBE985D4-FB4F-4397-9907-E38017C4DB4A} = {088DCCA1-B3BA-44D9-AC2C-FEB6CA0EC17E}
		{9AF3D7A2-5F14-4AD2-AF2D-4AB0ACEB75A3} = {088DCCA1-B3BA-44D9-AC2C-FEB6CA0EC17E}
		{AACFDB1C-F880-450F-B353-0D5806412582} = {088DCCA1-B3BA-44D9-AC2C-FEB6CA0EC17E}
		{6CDE627D-48E6-49B5-BFBD-774EA41B8C4F} = {088DCCA1-B3BA-44D9-AC2C-FEB6CA0EC17E}
		{F7ACAF49-38E0-4A9A-B70F-E126FCAFAF4F} = {06652150-C802-4CDD-936F-40AB66052B83}
		{8C283C4F-F12C-4929-81B7-130DBC0CCD2B} = {F7ACAF49-38E0-4A9A-B70F-E126FCAFAF4F}
		{354B27F7-669D-4285-B374-1C5BB09C2200} = {F7ACAF49-38E0-4A9A-B70F-E126FCAFAF4F}
		{3E461E90-968B-47E4-B850-9B9C3C981007} = {F7ACAF49-38E0-4A9A-B70F-E126FCAFAF4F}
		{BF1A32C4-5F9A-469E-85E4-BC0E41C53C6B} = {F7ACAF49-38E0-4A9A-B70F-E126FCAFAF4F}
		{A682453C-7964-4CC3-9425-7F10A9411CA8} = {06652150-C802-4CDD-936F-40AB66052B83}
		{BC8ECF0A-0AF3-4087-96F2-86DF270475DF} = {A682453C-7964-4CC3-9425-7F10A9411CA8}
		{6601F878-361E-4C11-80EC-43058E686950} = {A682453C-7964-4CC3-9425-7F10A9411CA8}
		{0AB64F07-F0BA-4889-B749-E420908BD19F} = {A682453C-7964-4CC3-9425-7F10A9411CA8}
	EndGlobalSection
	GlobalSection(ExtensibilityGlobals) = postSolution
		SolutionGuid = {502952E4-D8F3-4210-A69E-D870A0CF0DB5}
	EndGlobalSection
EndGlobal
